// !$*UTF8*$!
{
	archiveVersion = 1;
	classes = {
	};
	objectVersion = 46;
	objects = {

/* Begin PBXBuildFile section */
		19B79B1C1B69E341006C69F5 /* AppDelegate.swift in Sources */ = {isa = PBXBuildFile; fileRef = 19B79B1B1B69E341006C69F5 /* AppDelegate.swift */; };
		19B79B1F1B69E341006C69F5 /* AddressBookPOC.xcdatamodeld in Sources */ = {isa = PBXBuildFile; fileRef = 19B79B1D1B69E341006C69F5 /* AddressBookPOC.xcdatamodeld */; };
		19B79B211B69E341006C69F5 /* ViewController.swift in Sources */ = {isa = PBXBuildFile; fileRef = 19B79B201B69E341006C69F5 /* ViewController.swift */; };
		19B79B241B69E341006C69F5 /* Main.storyboard in Resources */ = {isa = PBXBuildFile; fileRef = 19B79B221B69E341006C69F5 /* Main.storyboard */; };
		19B79B261B69E341006C69F5 /* Images.xcassets in Resources */ = {isa = PBXBuildFile; fileRef = 19B79B251B69E341006C69F5 /* Images.xcassets */; };
		19B79B291B69E341006C69F5 /* LaunchScreen.xib in Resources */ = {isa = PBXBuildFile; fileRef = 19B79B271B69E341006C69F5 /* LaunchScreen.xib */; };
		19B79B351B69E341006C69F5 /* AddressBookPOCTests.swift in Sources */ = {isa = PBXBuildFile; fileRef = 19B79B341B69E341006C69F5 /* AddressBookPOCTests.swift */; };
/* End PBXBuildFile section */

/* Begin PBXContainerItemProxy section */
		19B79B2F1B69E341006C69F5 /* PBXContainerItemProxy */ = {
			isa = PBXContainerItemProxy;
			containerPortal = 19B79B0E1B69E341006C69F5 /* Project object */;
			proxyType = 1;
			remoteGlobalIDString = 19B79B151B69E341006C69F5;
			remoteInfo = AddressBookPOC;
		};
/* End PBXContainerItemProxy section */

/* Begin PBXFileReference section */
		19B79B161B69E341006C69F5 /* AddressBookPOC.app */ = {isa = PBXFileReference; explicitFileType = wrapper.application; includeInIndex = 0; path = AddressBookPOC.app; sourceTree = BUILT_PRODUCTS_DIR; };
		19B79B1A1B69E341006C69F5 /* Info.plist */ = {isa = PBXFileReference; lastKnownFileType = text.plist.xml; path = Info.plist; sourceTree = "<group>"; };
		19B79B1B1B69E341006C69F5 /* AppDelegate.swift */ = {isa = PBXFileReference; lastKnownFileType = sourcecode.swift; path = AppDelegate.swift; sourceTree = "<group>"; };
		19B79B1E1B69E341006C69F5 /* AddressBookPOC.xcdatamodel */ = {isa = PBXFileReference; lastKnownFileType = wrapper.xcdatamodel; path = AddressBookPOC.xcdatamodel; sourceTree = "<group>"; };
		19B79B201B69E341006C69F5 /* ViewController.swift */ = {isa = PBXFileReference; lastKnownFileType = sourcecode.swift; path = ViewController.swift; sourceTree = "<group>"; };
		19B79B231B69E341006C69F5 /* Base */ = {isa = PBXFileReference; lastKnownFileType = file.storyboard; name = Base; path = Base.lproj/Main.storyboard; sourceTree = "<group>"; };
		19B79B251B69E341006C69F5 /* Images.xcassets */ = {isa = PBXFileReference; lastKnownFileType = folder.assetcatalog; path = Images.xcassets; sourceTree = "<group>"; };
		19B79B281B69E341006C69F5 /* Base */ = {isa = PBXFileReference; lastKnownFileType = file.xib; name = Base; path = Base.lproj/LaunchScreen.xib; sourceTree = "<group>"; };
		19B79B2E1B69E341006C69F5 /* AddressBookPOCTests.xctest */ = {isa = PBXFileReference; explicitFileType = wrapper.cfbundle; includeInIndex = 0; path = AddressBookPOCTests.xctest; sourceTree = BUILT_PRODUCTS_DIR; };
		19B79B331B69E341006C69F5 /* Info.plist */ = {isa = PBXFileReference; lastKnownFileType = text.plist.xml; path = Info.plist; sourceTree = "<group>"; };
		19B79B341B69E341006C69F5 /* AddressBookPOCTests.swift */ = {isa = PBXFileReference; lastKnownFileType = sourcecode.swift; path = AddressBookPOCTests.swift; sourceTree = "<group>"; };
/* End PBXFileReference section */

/* Begin PBXFrameworksBuildPhase section */
		19B79B131B69E341006C69F5 /* Frameworks */ = {
			isa = PBXFrameworksBuildPhase;
			buildActionMask = 2147483647;
			files = (
			);
			runOnlyForDeploymentPostprocessing = 0;
		};
		19B79B2B1B69E341006C69F5 /* Frameworks */ = {
			isa = PBXFrameworksBuildPhase;
			buildActionMask = 2147483647;
			files = (
			);
			runOnlyForDeploymentPostprocessing = 0;
		};
/* End PBXFrameworksBuildPhase section */

/* Begin PBXGroup section */
		19B79B0D1B69E341006C69F5 = {
			isa = PBXGroup;
			children = (
				19B79B181B69E341006C69F5 /* AddressBookPOC */,
				19B79B311B69E341006C69F5 /* AddressBookPOCTests */,
				19B79B171B69E341006C69F5 /* Products */,
			);
			sourceTree = "<group>";
		};
		19B79B171B69E341006C69F5 /* Products */ = {
			isa = PBXGroup;
			children = (
				19B79B161B69E341006C69F5 /* AddressBookPOC.app */,
				19B79B2E1B69E341006C69F5 /* AddressBookPOCTests.xctest */,
			);
			name = Products;
			sourceTree = "<group>";
		};
		19B79B181B69E341006C69F5 /* AddressBookPOC */ = {
			isa = PBXGroup;
			children = (
				19B79B1B1B69E341006C69F5 /* AppDelegate.swift */,
				19B79B201B69E341006C69F5 /* ViewController.swift */,
				19B79B221B69E341006C69F5 /* Main.storyboard */,
				19B79B251B69E341006C69F5 /* Images.xcassets */,
				19B79B271B69E341006C69F5 /* LaunchScreen.xib */,
				19B79B1D1B69E341006C69F5 /* AddressBookPOC.xcdatamodeld */,
				19B79B191B69E341006C69F5 /* Supporting Files */,
			);
			path = AddressBookPOC;
			sourceTree = "<group>";
		};
		19B79B191B69E341006C69F5 /* Supporting Files */ = {
			isa = PBXGroup;
			children = (
				19B79B1A1B69E341006C69F5 /* Info.plist */,
			);
			name = "Supporting Files";
			sourceTree = "<group>";
		};
		19B79B311B69E341006C69F5 /* AddressBookPOCTests */ = {
			isa = PBXGroup;
			children = (
				19B79B341B69E341006C69F5 /* AddressBookPOCTests.swift */,
				19B79B321B69E341006C69F5 /* Supporting Files */,
			);
			path = AddressBookPOCTests;
			sourceTree = "<group>";
		};
		19B79B321B69E341006C69F5 /* Supporting Files */ = {
			isa = PBXGroup;
			children = (
				19B79B331B69E341006C69F5 /* Info.plist */,
			);
			name = "Supporting Files";
			sourceTree = "<group>";
		};
/* End PBXGroup section */

/* Begin PBXNativeTarget section */
		19B79B151B69E341006C69F5 /* AddressBookPOC */ = {
			isa = PBXNativeTarget;
			buildConfigurationList = 19B79B381B69E341006C69F5 /* Build configuration list for PBXNativeTarget "AddressBookPOC" */;
			buildPhases = (
				19B79B121B69E341006C69F5 /* Sources */,
				19B79B131B69E341006C69F5 /* Frameworks */,
				19B79B141B69E341006C69F5 /* Resources */,
			);
			buildRules = (
			);
			dependencies = (
			);
			name = AddressBookPOC;
			productName = AddressBookPOC;
			productReference = 19B79B161B69E341006C69F5 /* AddressBookPOC.app */;
			productType = "com.apple.product-type.application";
		};
		19B79B2D1B69E341006C69F5 /* AddressBookPOCTests */ = {
			isa = PBXNativeTarget;
			buildConfigurationList = 19B79B3B1B69E341006C69F5 /* Build configuration list for PBXNativeTarget "AddressBookPOCTests" */;
			buildPhases = (
				19B79B2A1B69E341006C69F5 /* Sources */,
				19B79B2B1B69E341006C69F5 /* Frameworks */,
				19B79B2C1B69E341006C69F5 /* Resources */,
			);
			buildRules = (
			);
			dependencies = (
				19B79B301B69E341006C69F5 /* PBXTargetDependency */,
			);
			name = AddressBookPOCTests;
			productName = AddressBookPOCTests;
			productReference = 19B79B2E1B69E341006C69F5 /* AddressBookPOCTests.xctest */;
			productType = "com.apple.product-type.bundle.unit-test";
		};
/* End PBXNativeTarget section */

/* Begin PBXProject section */
		19B79B0E1B69E341006C69F5 /* Project object */ = {
			isa = PBXProject;
			attributes = {
				LastSwiftUpdateCheck = 0720;
				LastUpgradeCheck = 0630;
				ORGANIZATIONNAME = RapidValue;
				TargetAttributes = {
					19B79B151B69E341006C69F5 = {
						CreatedOnToolsVersion = 6.3.2;
					};
					19B79B2D1B69E341006C69F5 = {
						CreatedOnToolsVersion = 6.3.2;
						TestTargetID = 19B79B151B69E341006C69F5;
					};
				};
			};
			buildConfigurationList = 19B79B111B69E341006C69F5 /* Build configuration list for PBXProject "AddressBookPOC" */;
			compatibilityVersion = "Xcode 3.2";
			developmentRegion = English;
			hasScannedForEncodings = 0;
			knownRegions = (
				en,
				Base,
			);
			mainGroup = 19B79B0D1B69E341006C69F5;
			productRefGroup = 19B79B171B69E341006C69F5 /* Products */;
			projectDirPath = "";
			projectRoot = "";
			targets = (
				19B79B151B69E341006C69F5 /* AddressBookPOC */,
				19B79B2D1B69E341006C69F5 /* AddressBookPOCTests */,
			);
		};
/* End PBXProject section */

/* Begin PBXResourcesBuildPhase section */
		19B79B141B69E341006C69F5 /* Resources */ = {
			isa = PBXResourcesBuildPhase;
			buildActionMask = 2147483647;
			files = (
				19B79B241B69E341006C69F5 /* Main.storyboard in Resources */,
				19B79B291B69E341006C69F5 /* LaunchScreen.xib in Resources */,
				19B79B261B69E341006C69F5 /* Images.xcassets in Resources */,
			);
			runOnlyForDeploymentPostprocessing = 0;
		};
		19B79B2C1B69E341006C69F5 /* Resources */ = {
			isa = PBXResourcesBuildPhase;
			buildActionMask = 2147483647;
			files = (
			);
			runOnlyForDeploymentPostprocessing = 0;
		};
/* End PBXResourcesBuildPhase section */

/* Begin PBXSourcesBuildPhase section */
		19B79B121B69E341006C69F5 /* Sources */ = {
			isa = PBXSourcesBuildPhase;
			buildActionMask = 2147483647;
			files = (
				19B79B211B69E341006C69F5 /* ViewController.swift in Sources */,
				19B79B1F1B69E341006C69F5 /* AddressBookPOC.xcdatamodeld in Sources */,
				19B79B1C1B69E341006C69F5 /* AppDelegate.swift in Sources */,
			);
			runOnlyForDeploymentPostprocessing = 0;
		};
		19B79B2A1B69E341006C69F5 /* Sources */ = {
			isa = PBXSourcesBuildPhase;
			buildActionMask = 2147483647;
			files = (
				19B79B351B69E341006C69F5 /* AddressBookPOCTests.swift in Sources */,
			);
			runOnlyForDeploymentPostprocessing = 0;
		};
/* End PBXSourcesBuildPhase section */

/* Begin PBXTargetDependency section */
		19B79B301B69E341006C69F5 /* PBXTargetDependency */ = {
			isa = PBXTargetDependency;
			target = 19B79B151B69E341006C69F5 /* AddressBookPOC */;
			targetProxy = 19B79B2F1B69E341006C69F5 /* PBXContainerItemProxy */;
		};
/* End PBXTargetDependency section */

/* Begin PBXVariantGroup section */
		19B79B221B69E341006C69F5 /* Main.storyboard */ = {
			isa = PBXVariantGroup;
			children = (
				19B79B231B69E341006C69F5 /* Base */,
			);
			name = Main.storyboard;
			sourceTree = "<group>";
		};
		19B79B271B69E341006C69F5 /* LaunchScreen.xib */ = {
			isa = PBXVariantGroup;
			children = (
				19B79B281B69E341006C69F5 /* Base */,
			);
			name = LaunchScreen.xib;
			sourceTree = "<group>";
		};
/* End PBXVariantGroup section */

/* Begin XCBuildConfiguration section */
		19B79B361B69E341006C69F5 /* Debug */ = {
			isa = XCBuildConfiguration;
			buildSettings = {
				ALWAYS_SEARCH_USER_PATHS = NO;
				CLANG_CXX_LANGUAGE_STANDARD = "gnu++0x";
				CLANG_CXX_LIBRARY = "libc++";
				CLANG_ENABLE_MODULES = YES;
				CLANG_ENABLE_OBJC_ARC = YES;
				CLANG_WARN_BOOL_CONVERSION = YES;
				CLANG_WARN_CONSTANT_CONVERSION = YES;
				CLANG_WARN_DIRECT_OBJC_ISA_USAGE = YES_ERROR;
				CLANG_WARN_EMPTY_BODY = YES;
				CLANG_WARN_ENUM_CONVERSION = YES;
				CLANG_WARN_INT_CONVERSION = YES;
				CLANG_WARN_OBJC_ROOT_CLASS = YES_ERROR;
				CLANG_WARN_UNREACHABLE_CODE = YES;
				CLANG_WARN__DUPLICATE_METHOD_MATCH = YES;
				"CODE_SIGN_IDENTITY[sdk=iphoneos*]" = "iPhone Developer";
				COPY_PHASE_STRIP = NO;
				DEBUG_INFORMATION_FORMAT = "dwarf-with-dsym";
				ENABLE_STRICT_OBJC_MSGSEND = YES;
				GCC_C_LANGUAGE_STANDARD = gnu99;
				GCC_DYNAMIC_NO_PIC = NO;
				GCC_NO_COMMON_BLOCKS = YES;
				GCC_OPTIMIZATION_LEVEL = 0;
				GCC_PREPROCESSOR_DEFINITIONS = (
					"DEBUG=1",
					"$(inherited)",
				);
				GCC_SYMBOLS_PRIVATE_EXTERN = NO;
				GCC_WARN_64_TO_32_BIT_CONVERSION = YES;
				GCC_WARN_ABOUT_RETURN_TYPE = YES_ERROR;
				GCC_WARN_UNDECLARED_SELECTOR = YES;
				GCC_WARN_UNINITIALIZED_AUTOS = YES_AGGRESSIVE;
				GCC_WARN_UNUSED_FUNCTION = YES;
				GCC_WARN_UNUSED_VARIABLE = YES;
				IPHONEOS_DEPLOYMENT_TARGET = 8.3;
				MTL_ENABLE_DEBUG_INFO = YES;
				ONLY_ACTIVE_ARCH = YES;
				SDKROOT = iphoneos;
				SWIFT_OPTIMIZATION_LEVEL = "-Onone";
				TARGETED_DEVICE_FAMILY = "1,2";
			};
			name = Debug;
		};
		19B79B371B69E341006C69F5 /* Release */ = {
			isa = XCBuildConfiguration;
			buildSettings = {
				ALWAYS_SEARCH_USER_PATHS = NO;
				CLANG_CXX_LANGUAGE_STANDARD = "gnu++0x";
				CLANG_CXX_LIBRARY = "libc++";
				CLANG_ENABLE_MODULES = YES;
				CLANG_ENABLE_OBJC_ARC = YES;
				CLANG_WARN_BOOL_CONVERSION = YES;
				CLANG_WARN_CONSTANT_CONVERSION = YES;
				CLANG_WARN_DIRECT_OBJC_ISA_USAGE = YES_ERROR;
				CLANG_WARN_EMPTY_BODY = YES;
				CLANG_WARN_ENUM_CONVERSION = YES;
				CLANG_WARN_INT_CONVERSION = YES;
				CLANG_WARN_OBJC_ROOT_CLASS = YES_ERROR;
				CLANG_WARN_UNREACHABLE_CODE = YES;
				CLANG_WARN__DUPLICATE_METHOD_MATCH = YES;
				"CODE_SIGN_IDENTITY[sdk=iphoneos*]" = "iPhone Developer";
				COPY_PHASE_STRIP = NO;
				DEBUG_INFORMATION_FORMAT = "dwarf-with-dsym";
				ENABLE_NS_ASSERTIONS = NO;
				ENABLE_STRICT_OBJC_MSGSEND = YES;
				GCC_C_LANGUAGE_STANDARD = gnu99;
				GCC_NO_COMMON_BLOCKS = YES;
				GCC_WARN_64_TO_32_BIT_CONVERSION = YES;
				GCC_WARN_ABOUT_RETURN_TYPE = YES_ERROR;
				GCC_WARN_UNDECLARED_SELECTOR = YES;
				GCC_WARN_UNINITIALIZED_AUTOS = YES_AGGRESSIVE;
				GCC_WARN_UNUSED_FUNCTION = YES;
				GCC_WARN_UNUSED_VARIABLE = YES;
				IPHONEOS_DEPLOYMENT_TARGET = 8.3;
				MTL_ENABLE_DEBUG_INFO = NO;
				SDKROOT = iphoneos;
				TARGETED_DEVICE_FAMILY = "1,2";
				VALIDATE_PRODUCT = YES;
			};
			name = Release;
		};
		19B79B391B69E341006C69F5 /* Debug */ = {
			isa = XCBuildConfiguration;
			buildSettings = {
				ASSETCATALOG_COMPILER_APPICON_NAME = AppIcon;
				INFOPLIST_FILE = AddressBookPOC/Info.plist;
				IPHONEOS_DEPLOYMENT_TARGET = 7.0;
				LD_RUNPATH_SEARCH_PATHS = "$(inherited) @executable_path/Frameworks";
				PRODUCT_NAME = "$(TARGET_NAME)";
			};
			name = Debug;
		};
		19B79B3A1B69E341006C69F5 /* Release */ = {
			isa = XCBuildConfiguration;
			buildSettings = {
				ASSETCATALOG_COMPILER_APPICON_NAME = AppIcon;
				INFOPLIST_FILE = AddressBookPOC/Info.plist;
				IPHONEOS_DEPLOYMENT_TARGET = 7.0;
				LD_RUNPATH_SEARCH_PATHS = "$(inherited) @executable_path/Frameworks";
				PRODUCT_NAME = "$(TARGET_NAME)";
			};
			name = Release;
		};
		19B79B3C1B69E341006C69F5 /* Debug */ = {
			isa = XCBuildConfiguration;
			buildSettings = {
				BUNDLE_LOADER = "$(TEST_HOST)";
				FRAMEWORK_SEARCH_PATHS = (
					"$(SDKROOT)/Developer/Library/Frameworks",
					"$(inherited)",
				);
				GCC_PREPROCESSOR_DEFINITIONS = (
					"DEBUG=1",
					"$(inherited)",
				);
				INFOPLIST_FILE = AddressBookPOCTests/Info.plist;
				LD_RUNPATH_SEARCH_PATHS = "$(inherited) @executable_path/Frameworks @loader_path/Frameworks";
				PRODUCT_NAME = "$(TARGET_NAME)";
				TEST_HOST = "$(BUILT_PRODUCTS_DIR)/AddressBookPOC.app/AddressBookPOC";
			};
			name = Debug;
		};
		19B79B3D1B69E341006C69F5 /* Release */ = {
			isa = XCBuildConfiguration;
			buildSettings = {
				BUNDLE_LOADER = "$(TEST_HOST)";
				FRAMEWORK_SEARCH_PATHS = (
					"$(SDKROOT)/Developer/Library/Frameworks",
					"$(inherited)",
				);
				INFOPLIST_FILE = AddressBookPOCTests/Info.plist;
				LD_RUNPATH_SEARCH_PATHS = "$(inherited) @executable_path/Frameworks @loader_path/Frameworks";
				PRODUCT_NAME = "$(TARGET_NAME)";
				TEST_HOST = "$(BUILT_PRODUCTS_DIR)/AddressBookPOC.app/AddressBookPOC";
			};
			name = Release;
		};
/* End XCBuildConfiguration section */

/* Begin XCConfigurationList section */
		19B79B111B69E341006C69F5 /* Build configuration list for PBXProject "AddressBookPOC" */ = {
			isa = XCConfigurationList;
			buildConfigurations = (
				19B79B361B69E341006C69F5 /* Debug */,
				19B79B371B69E341006C69F5 /* Release */,
			);
			defaultConfigurationIsVisible = 0;
			defaultConfigurationName = Release;
		};
		19B79B381B69E341006C69F5 /* Build configuration list for PBXNativeTarget "AddressBookPOC" */ = {
			isa = XCConfigurationList;
			buildConfigurations = (
				19B79B391B69E341006C69F5 /* Debug */,
				19B79B3A1B69E341006C69F5 /* Release */,
			);
			defaultConfigurationIsVisible = 0;
			defaultConfigurationName = Release;
		};
		19B79B3B1B69E341006C69F5 /* Build configuration list for PBXNativeTarget "AddressBookPOCTests" */ = {
			isa = XCConfigurationList;
			buildConfigurations = (
				19B79B3C1B69E341006C69F5 /* Debug */,
				19B79B3D1B69E341006C69F5 /* Release */,
			);
			defaultConfigurationIsVisible = 0;
			defaultConfigurationName = Release;
		};
/* End XCConfigurationList section */

/* Begin XCVersionGroup section */
		19B79B1D1B69E341006C69F5 /* AddressBookPOC.xcdatamodeld */ = {
			isa = XCVersionGroup;
			children = (
				19B79B1E1B69E341006C69F5 /* AddressBookPOC.xcdatamodel */,
			);
			currentVersion = 19B79B1E1B69E341006C69F5 /* AddressBookPOC.xcdatamodel */;
			path = AddressBookPOC.xcdatamodeld;
			sourceTree = "<group>";
			versionGroupType = wrapper.xcdatamodel;
		};
/* End XCVersionGroup section */
	};
	rootObject = 19B79B0E1B69E341006C69F5 /* Project object */;
}
